<?xml version="1.0" encoding="UTF-8"?>
<CONFIG>
  <ProjectOptions>
    <Version Value="10"/>
    <PathDelim Value="\"/>
    <General>
      <SessionStorage Value="InProjectDir"/>
      <MainUnit Value="0"/>
      <Title Value="Single_SrcTREE"/>
      <ResourceType Value="res"/>
      <UseXPManifest Value="True"/>
      <Icon Value="0"/>
    </General>
    <BuildModes Count="1">
      <Item1 Name="Default" Default="True"/>
    </BuildModes>
    <PublishOptions>
      <Version Value="2"/>
    </PublishOptions>
    <RunParams>
      <local>
        <FormatVersion Value="1"/>
      </local>
    </RunParams>
    <RequiredPackages Count="3">
      <Item1>
        <PackageName Value="CodeTools"/>
      </Item1>
      <Item2>
        <PackageName Value="IDEIntf"/>
      </Item2>
      <Item3>
        <PackageName Value="LCL"/>
      </Item3>
    </RequiredPackages>
    <Units Count="4">
      <Unit0>
        <Filename Value="Single_SrcTREE.lpr"/>
        <IsPartOfProject Value="True"/>
      </Unit0>
      <Unit1>
        <Filename Value="Unit1.pas"/>
        <IsPartOfProject Value="True"/>
        <ComponentName Value="Form1"/>
        <HasResources Value="True"/>
        <ResourceBaseClass Value="Form"/>
      </Unit1>
      <Unit2>
        <Filename Value="in0k_lazIdeSRC_SETTINGs.inc"/>
        <IsPartOfProject Value="True"/>
      </Unit2>
      <Unit3>
        <Filename Value="..\..\..\srcPKG\srcTree\in0k_lazIdeSRC_CopyRAST_srcTree_Nodes.pas"/>
        <IsPartOfProject Value="True"/>
      </Unit3>
    </Units>
  </ProjectOptions>
  <CompilerOptions>
    <Version Value="11"/>
    <PathDelim Value="\"/>
    <Target>
      <Filename Value="Single_SrcTREE"/>
    </Target>
    <SearchPaths>
      <IncludeFiles Value="$(ProjOutDir)"/>
      <OtherUnitFiles Value="..\..\..\srcExt\in0k-lazarusIdeSRC-SourceTREE\CORE;..\..\..\srcExt\in0k-lazarusIdeSRC-SourceTREE\treeBuilder;..\..\..\srcExt\in0k-lazarusIdeSRC-SourceTREE\treeHandler;..\..\..\srcExt\in0k-lazarusIdeSRC-SourceTREE\treeHandler4Build;..\..\..\srcExt\in0k-lazarusIdeSRC-SourceTREE;..\..\..\srcExt\in0k-lazarusIdeSRC-SourceTREE\FNKs1;..\..\..\srcExt\in0k-lazarusIdeSRC-SourceTREE\FNKs;..\..\..\srcExt\in0k-lazarusIdeSRC-SourceTREE\textFunction;..\..\..\srcPKG\Nodes;..\..\..\srcPKG\srcTree;..\..\..\srcPKG\srcTree_UI;..\..\..\srcExt\in0k-lazarusIdeSRC-SourceTREE-UI"/>
      <UnitOutputDirectory Value="lib\$(TargetCPU)-$(TargetOS)"/>
    </SearchPaths>
    <Linking>
      <Options>
        <Win32>
          <GraphicApplication Value="True"/>
        </Win32>
      </Options>
    </Linking>
  </CompilerOptions>
  <Debugging>
    <Exceptions Count="3">
      <Item1>
        <Name Value="EAbort"/>
      </Item1>
      <Item2>
        <Name Value="ECodetoolError"/>
      </Item2>
      <Item3>
        <Name Value="EFOpenError"/>
      </Item3>
    </Exceptions>
  </Debugging>
</CONFIG>
