<?xml version="1.0" encoding="UTF-8"?>
<CONFIG>
  <ProjectOptions>
    <Version Value="10"/>
    <PathDelim Value="\"/>
    <General>
      <SessionStorage Value="InProjectDir"/>
      <MainUnit Value="0"/>
      <Title Value="Aapproved_Files2Names"/>
      <ResourceType Value="res"/>
      <UseXPManifest Value="True"/>
      <Icon Value="0"/>
    </General>
    <BuildModes Count="1">
      <Item1 Name="Default" Default="True"/>
      <SharedMatrixOptions Count="1">
        <Item1 ID="472991643162" Modes="Default" Value="-dCopyRAST_DEBUG"/>
      </SharedMatrixOptions>
    </BuildModes>
    <PublishOptions>
      <Version Value="2"/>
    </PublishOptions>
    <RunParams>
      <local>
        <FormatVersion Value="1"/>
      </local>
    </RunParams>
    <RequiredPackages Count="5">
      <Item1>
        <PackageName Value="LazControls"/>
      </Item1>
      <Item2>
        <PackageName Value="FCL"/>
      </Item2>
      <Item3>
        <PackageName Value="CodeTools"/>
      </Item3>
      <Item4>
        <PackageName Value="IDEIntf"/>
      </Item4>
      <Item5>
        <PackageName Value="LCL"/>
      </Item5>
    </RequiredPackages>
    <Units Count="30">
      <Unit0>
        <Filename Value="Aapproved_Files2Names.lpr"/>
        <IsPartOfProject Value="True"/>
      </Unit0>
      <Unit1>
        <Filename Value="Unit1.pas"/>
        <IsPartOfProject Value="True"/>
        <ComponentName Value="Form1"/>
        <HasResources Value="True"/>
        <ResourceBaseClass Value="Form"/>
      </Unit1>
      <Unit2>
        <Filename Value="makeTest_copyRastOBJ.pas"/>
        <IsPartOfProject Value="True"/>
      </Unit2>
      <Unit3>
        <Filename Value="in0k_lazIdeSRC_SETTINGs.inc"/>
        <IsPartOfProject Value="True"/>
      </Unit3>
      <Unit4>
        <Filename Value="..\..\..\srcExt\in0k-lazarusIdeSRC-SourceTREE\FNKs\in0k_lazIdeSRC_srcTree_FNK_baseDIR_SET.pas"/>
        <IsPartOfProject Value="True"/>
      </Unit4>
      <Unit5>
        <Filename Value="..\..\..\srcExt\in0k-lazarusIdeSRC-SourceTREE\FNKs\in0k_lazIdeSRC_srcTree_FNK_srchPATH_ADD.pas"/>
        <IsPartOfProject Value="True"/>
      </Unit5>
      <Unit6>
        <Filename Value="..\..\..\srcPKG\srcTree_UI\cmpCopyRAST_srcTree_approvedFiles.pas"/>
        <IsPartOfProject Value="True"/>
      </Unit6>
      <Unit7>
        <Filename Value="..\..\..\srcPKG\srcTree_UI\cmpCopyRAST_srcTree_approvedNAMEs.pas"/>
        <IsPartOfProject Value="True"/>
      </Unit7>
      <Unit8>
        <Filename Value="..\..\..\srcPKG\srcTree\Handlers\reNames\in0kLazExt_CopyRAST_srcTree_HandlerReNAMEs.pas"/>
        <IsPartOfProject Value="True"/>
      </Unit8>
      <Unit9>
        <Filename Value="..\..\..\srcPKG\xmlConfig\lazExt_CopyRAST__xmlConfig_approvedFILEs2NAMEs.pas"/>
        <IsPartOfProject Value="True"/>
      </Unit9>
      <Unit10>
        <Filename Value="..\..\..\srcPKG\srcTree\Handlers\reNames\in0kLazExt_CopyRAST_srcTree_HandlerReNAMEs_CNFGs.pas"/>
        <IsPartOfProject Value="True"/>
      </Unit10>
      <Unit11>
        <Filename Value="..\..\..\srcPKG\srcTree_UI\frmCopyRAST_srcTree_approvedFILEs2NAMEs.pas"/>
        <IsPartOfProject Value="True"/>
        <ComponentName Value="frmApprovedFILEs2NAMEs"/>
        <HasResources Value="True"/>
        <ResourceBaseClass Value="Frame"/>
      </Unit11>
      <Unit12>
        <Filename Value="..\..\..\srcPKG\srcTree_UI\cmpCopyRAST_srcTree_nameTemplates.pas"/>
        <IsPartOfProject Value="True"/>
      </Unit12>
      <Unit13>
        <Filename Value="..\..\..\srcPKG\srcTree\Handlers\CopyRAST_srcTree_4Handler_CNFGs.pas"/>
        <IsPartOfProject Value="True"/>
      </Unit13>
      <Unit14>
        <Filename Value="..\..\..\srcPKG\UI\frmCopyRAST_CnfgItem_EDIT.pas"/>
        <IsPartOfProject Value="True"/>
        <ComponentName Value="frmCopyRAST_CnfgItemEDIT"/>
        <HasResources Value="True"/>
        <ResourceBaseClass Value="Frame"/>
      </Unit14>
      <Unit15>
        <Filename Value="..\..\..\srcPKG\srcTree_UI\frmCopyRAST_cie_ReNames_customer.pas"/>
        <IsPartOfProject Value="True"/>
        <ComponentName Value="frmCopyRAST_cie_ReNamesCustomer"/>
        <HasResources Value="True"/>
        <ResourceBaseClass Value="Frame"/>
      </Unit15>
      <Unit16>
        <Filename Value="..\..\..\srcPKG\srcTree_UI\frmCopyRAST_cie_ReNames_template.pas"/>
        <IsPartOfProject Value="True"/>
        <ComponentName Value="frmCopyRAST_cie_ReNamesTemplate"/>
        <HasResources Value="True"/>
        <ResourceBaseClass Value="Frame"/>
      </Unit16>
      <Unit17>
        <Filename Value="..\..\..\srcPKG\srcTree_UI\frmCopyRAST_cie_ReNames_tmpltRule.pas"/>
        <IsPartOfProject Value="True"/>
        <ComponentName Value="frmCopyRAST_cie_ReNamesTmpltRULE"/>
        <HasResources Value="True"/>
        <ResourceBaseClass Value="Frame"/>
      </Unit17>
      <Unit18>
        <Filename Value="..\..\..\srcExt\in0k-ext4ColorTheme\in0k_ext4ColorTheme.pas"/>
        <IsPartOfProject Value="True"/>
      </Unit18>
      <Unit19>
        <Filename Value="..\..\..\srcPKG\lazExt_CopyRAST_clcNotRenamed.pas"/>
        <IsPartOfProject Value="True"/>
      </Unit19>
      <Unit20>
        <Filename Value="..\..\..\srcPKG\UI\frmCopyRAST_EDIT.pas"/>
        <IsPartOfProject Value="True"/>
        <ComponentName Value="frmCopyRastEDIT"/>
        <HasResources Value="True"/>
        <ResourceBaseClass Value="Frame"/>
      </Unit20>
      <Unit21>
        <Filename Value="..\..\..\srcPKG\srcTree\in0k_CopyRAST_srcTree_Stage.pas"/>
        <IsPartOfProject Value="True"/>
      </Unit21>
      <Unit22>
        <Filename Value="..\..\..\srcPKG\srcTree\CORE\in0k_lazIdeSRC_CopyRastSrcNODE_ROOT.pas"/>
        <IsPartOfProject Value="True"/>
      </Unit22>
      <Unit23>
        <Filename Value="..\..\..\srcPKG\srcTree\in0k_CopyRAST_srcTreeNode_DATA.pas"/>
        <IsPartOfProject Value="True"/>
      </Unit23>
      <Unit24>
        <Filename Value="..\..\..\srcPKG\UI\in0k_CopyRAST__frmSTAGE.pas"/>
        <IsPartOfProject Value="True"/>
        <ComponentName Value="frmCopyRAST_STAGE"/>
        <HasResources Value="True"/>
        <ResourceBaseClass Value="Frame"/>
      </Unit24>
      <Unit25>
        <Filename Value="..\..\..\srcPKG\UI\in0k_CopyRAST__frmSTAGE_approveFILEs.pas"/>
        <IsPartOfProject Value="True"/>
        <ComponentName Value="frmCopyRAST_STAGE_approveFILEs"/>
        <HasResources Value="True"/>
        <ResourceBaseClass Value="Frame"/>
      </Unit25>
      <Unit26>
        <Filename Value="..\..\..\srcPKG\UI\in0k_CopyRAST__frmSTAGE_approveFILEs.lfm"/>
        <IsPartOfProject Value="True"/>
      </Unit26>
      <Unit27>
        <Filename Value="..\..\..\srcPKG\UI\in0k_CopyRAST__frmSTAGE_twoTree.pas"/>
        <IsPartOfProject Value="True"/>
        <ComponentName Value="frmCopyRAST_STAGE_twoTree"/>
        <HasResources Value="True"/>
        <ResourceBaseClass Value="Frame"/>
      </Unit27>
      <Unit28>
        <Filename Value="..\..\..\srcPKG\UI\in0k_CopyRAST__frmSTAGE.lfm"/>
        <IsPartOfProject Value="True"/>
      </Unit28>
      <Unit29>
        <Filename Value="..\..\..\srcPKG\UI\in0k_CopyRAST__frmSTAGE_twoTree.lfm"/>
        <IsPartOfProject Value="True"/>
      </Unit29>
    </Units>
  </ProjectOptions>
  <CompilerOptions>
    <Version Value="11"/>
    <PathDelim Value="\"/>
    <Target>
      <Filename Value="Aapproved_Files2Names"/>
    </Target>
    <SearchPaths>
      <IncludeFiles Value="$(ProjOutDir)"/>
      <OtherUnitFiles Value="..\..\..\srcExt\in0k-lazarusIdeSRC-SourceTREE;..\..\..\srcExt\in0k-lazarusIdeSRC-SourceTREE\CORE;..\..\..\srcExt\in0k-lazarusIdeSRC-SourceTREE\FNKs;..\..\..\srcExt\in0k-lazarusIdeSRC-SourceTREE\FNKs1;..\..\..\srcExt\in0k-lazarusIdeSRC-SourceTREE-UI;..\..\..\srcExt\in0k-lazarusIdeSRC-SourceTREE\textFunction;..\..\..\srcExt\in0k-lazarusIdeSRC-SourceTREE\treeBuilder;..\..\..\srcExt\in0k-lazarusIdeSRC-SourceTREE\treeHandler;..\..\..\srcExt\in0k-lazarusIdeSRC-SourceTREE\treeHandler4Build;..\..\..\srcPKG\srcTree;..\..\..\srcPKG\srcTree_UI;..\..\..\srcPKG\xmlConfig;..\..\..\srcPKG\srcTree\Handlers\reNames;..\..\..\srcPKG\srcTree\Handlers;..\..\..\srcPKG\UI;..\..\..\srcExt\in0k-colors4StdSheme;..\..\..\srcPKG;..\..\..\srcPKG\srcTree\CORE;..\..\..\srcExt\in0k-ext4ColorTheme"/>
      <UnitOutputDirectory Value="lib\$(TargetCPU)-$(TargetOS)"/>
    </SearchPaths>
    <Parsing>
      <SyntaxOptions>
        <IncludeAssertionCode Value="True"/>
      </SyntaxOptions>
    </Parsing>
    <Linking>
      <Debugging>
        <UseHeaptrc Value="True"/>
      </Debugging>
      <Options>
        <Win32>
          <GraphicApplication Value="True"/>
        </Win32>
      </Options>
    </Linking>
  </CompilerOptions>
  <Debugging>
    <Exceptions Count="4">
      <Item1>
        <Name Value="EAbort"/>
      </Item1>
      <Item2>
        <Name Value="ECodetoolError"/>
      </Item2>
      <Item3>
        <Name Value="EFOpenError"/>
      </Item3>
      <Item4>
        <Name Value="Exception"/>
      </Item4>
    </Exceptions>
  </Debugging>
</CONFIG>
