<?xml version="1.0" encoding="UTF-8"?>
<CONFIG>
  <ProjectOptions>
    <Version Value="10"/>
    <PathDelim Value="\"/>
    <General>
      <SessionStorage Value="InProjectDir"/>
      <MainUnit Value="0"/>
      <Title Value="TESTs"/>
      <ResourceType Value="res"/>
      <UseXPManifest Value="True"/>
      <Icon Value="0"/>
    </General>
    <i18n>
      <EnableI18N LFM="False"/>
    </i18n>
    <BuildModes Count="1">
      <Item1 Name="Default" Default="True"/>
    </BuildModes>
    <PublishOptions>
      <Version Value="2"/>
    </PublishOptions>
    <RunParams>
      <local>
        <FormatVersion Value="1"/>
      </local>
    </RunParams>
    <RequiredPackages Count="4">
      <Item1>
        <PackageName Value="IDEIntf"/>
      </Item1>
      <Item2>
        <PackageName Value="fpcunittestrunner"/>
      </Item2>
      <Item3>
        <PackageName Value="LCL"/>
      </Item3>
      <Item4>
        <PackageName Value="FCL"/>
      </Item4>
    </RequiredPackages>
    <Units Count="39">
      <Unit0>
        <Filename Value="TESTs.lpr"/>
        <IsPartOfProject Value="True"/>
      </Unit0>
      <Unit1>
        <Filename Value="new\uTST_002_srcTree__PATH_fnd_REL.pas"/>
        <IsPartOfProject Value="True"/>
      </Unit1>
      <Unit2>
        <Filename Value="old\uTST_003_srcTree_itemROOT__get_relPATH_____a_b_c.pas"/>
        <IsPartOfProject Value="True"/>
      </Unit2>
      <Unit3>
        <Filename Value="old\uTST_004_srcTree_itemROOT__get_relPATH_a_ab_abc.pas"/>
        <IsPartOfProject Value="True"/>
      </Unit3>
      <Unit4>
        <Filename Value="old\uTST_003_srcTree_itemROOT__get_relPATH_a_b_c__xn.pas"/>
        <IsPartOfProject Value="True"/>
      </Unit4>
      <Unit5>
        <Filename Value="old\uTST_003_srcTree_itemROOT__get_relPATH_W_b_c__xn.pas"/>
        <IsPartOfProject Value="True"/>
      </Unit5>
      <Unit6>
        <Filename Value="old\uTST_003_srcTree_itemROOT__get_relPATH_a_W_c__xn.pas"/>
        <IsPartOfProject Value="True"/>
      </Unit6>
      <Unit7>
        <Filename Value="old\uTST_003_srcTree_itemROOT__get_relPATH_a_b_W__xn.pas"/>
        <IsPartOfProject Value="True"/>
      </Unit7>
      <Unit8>
        <Filename Value="new\uTST_001_srcTree_itemROOT__BaseDIR_fnk.pas"/>
        <IsPartOfProject Value="True"/>
      </Unit8>
      <Unit9>
        <Filename Value="old\uTST_004_srcTree_itemROOT__get_relPATH_abc_ab_a.pas"/>
        <IsPartOfProject Value="True"/>
      </Unit9>
      <Unit10>
        <Filename Value="old\uTST_004_srcTree_itemROOT__get_relPATH_ab_ac_ad.pas"/>
        <IsPartOfProject Value="True"/>
      </Unit10>
      <Unit11>
        <Filename Value="old\uTST_004_srcTree_itemROOT__realCase_001.pas"/>
        <IsPartOfProject Value="True"/>
      </Unit11>
      <Unit12>
        <Filename Value="new\uTST_001_srcTree_itemROOT__BaseDIR_mtd.pas"/>
        <IsPartOfProject Value="True"/>
      </Unit12>
      <Unit13>
        <Filename Value="old\uTST_003_srcTree_itemROOT__get_relPATH_4m__a_b_c.pas"/>
        <IsPartOfProject Value="True"/>
      </Unit13>
      <Unit14>
        <Filename Value="..\srcExt\in0k-lazarusIdeSRC-SourceTREE\in0k_lazIdeSRC_srcTree_item_Globals.pas"/>
        <IsPartOfProject Value="True"/>
      </Unit14>
      <Unit15>
        <Filename Value="..\srcExt\in0k-lazarusIdeSRC-SourceTREE\CORE\in0k_lazIdeSRC_srcTree_CORE_item.pas"/>
        <IsPartOfProject Value="True"/>
      </Unit15>
      <Unit16>
        <Filename Value="..\srcExt\in0k-lazarusIdeSRC-SourceTREE\CORE\in0k_lazIdeSRC_srcTree_CORE_fileSystem_FNK.pas"/>
        <IsPartOfProject Value="True"/>
      </Unit16>
      <Unit17>
        <Filename Value="..\srcExt\in0k-lazarusIdeSRC-SourceTREE\FNKs\in0k_lazIdeSRC_srcTree_FNK_baseDIR_FND.pas"/>
        <IsPartOfProject Value="True"/>
      </Unit17>
      <Unit18>
        <Filename Value="..\srcExt\in0k-lazarusIdeSRC-SourceTREE\FNKs\in0k_lazIdeSRC_srcTree_FNK_baseDIR_GET.pas"/>
        <IsPartOfProject Value="True"/>
      </Unit18>
      <Unit19>
        <Filename Value="..\srcExt\in0k-lazarusIdeSRC-SourceTREE\FNKs\in0k_lazIdeSRC_srcTree_FNK_baseDIR_SET.pas"/>
        <IsPartOfProject Value="True"/>
      </Unit19>
      <Unit20>
        <Filename Value="..\srcExt\in0k-lazarusIdeSRC-SourceTREE\FNKs\in0k_lazIdeSRC_srcTree_FNK_mainFILE_FND.pas"/>
        <IsPartOfProject Value="True"/>
      </Unit20>
      <Unit21>
        <Filename Value="..\srcExt\in0k-lazarusIdeSRC-SourceTREE\FNKs\in0k_lazIdeSRC_srcTree_FNK_mainFILE_GET.pas"/>
        <IsPartOfProject Value="True"/>
      </Unit21>
      <Unit22>
        <Filename Value="..\srcExt\in0k-lazarusIdeSRC-SourceTREE\FNKs\in0k_lazIdeSRC_srcTree_FNK_mainFILE_SET.pas"/>
        <IsPartOfProject Value="True"/>
      </Unit22>
      <Unit23>
        <Filename Value="..\srcExt\in0k-lazarusIdeSRC-SourceTREE\FNKs\in0k_lazIdeSRC_srcTree_FNK_nodeFILE_ADD.pas"/>
        <IsPartOfProject Value="True"/>
      </Unit23>
      <Unit24>
        <Filename Value="..\srcExt\in0k-lazarusIdeSRC-SourceTREE\FNKs1\in0k_lazIdeSRC_srcTree_FNK_FILE_FND_rel.pas"/>
        <IsPartOfProject Value="True"/>
      </Unit24>
      <Unit25>
        <Filename Value="..\srcExt\in0k-lazarusIdeSRC-SourceTREE\FNKs1\in0k_lazIdeSRC_srcTree_FNK_PATH_FND_abs.pas"/>
        <IsPartOfProject Value="True"/>
      </Unit25>
      <Unit26>
        <Filename Value="..\srcExt\in0k-lazarusIdeSRC-SourceTREE\FNKs1\in0k_lazIdeSRC_srcTree_FNK_PATH_FND_rel.pas"/>
        <IsPartOfProject Value="True"/>
      </Unit26>
      <Unit27>
        <Filename Value="..\srcExt\in0k-lazarusIdeSRC-SourceTREE\FNKs1\in0k_lazIdeSRC_srcTree_FNK_PATH_GET_rel.pas"/>
        <IsPartOfProject Value="True"/>
      </Unit27>
      <Unit28>
        <Filename Value="..\srcExt\in0k-lazarusIdeSRC-SourceTREE\FNKs\in0k_lazIdeSRC_srcTree_FNK_rootFILE_FND.pas"/>
        <IsPartOfProject Value="True"/>
      </Unit28>
      <Unit29>
        <Filename Value="..\srcExt\in0k-lazarusIdeSRC-SourceTREE\FNKs\in0k_lazIdeSRC_srcTree_FNK_srchPATH_ADD.pas"/>
        <IsPartOfProject Value="True"/>
      </Unit29>
      <Unit30>
        <Filename Value="..\srcExt\in0k-lazarusIdeSRC-SourceTREE\FNKs1\in0k_lazIdeSRC_srcTree_FNK_PATH_FND.pas"/>
        <IsPartOfProject Value="True"/>
      </Unit30>
      <Unit31>
        <Filename Value="new\uTST_002_srcTree__PATH_get_REL__asFND.pas"/>
        <IsPartOfProject Value="True"/>
      </Unit31>
      <Unit32>
        <Filename Value="new\uTST_002_srcTree__PATH_get_REL__asNEW.pas"/>
        <IsPartOfProject Value="True"/>
      </Unit32>
      <Unit33>
        <Filename Value="new\uTST_004_srcTree__FILE_fnd_REL.pas"/>
        <IsPartOfProject Value="True"/>
      </Unit33>
      <Unit34>
        <Filename Value="new\uTST_003_srcTree__PATH_fnd_ABS.pas"/>
        <IsPartOfProject Value="True"/>
      </Unit34>
      <Unit35>
        <Filename Value="..\srcExt\in0k-lazarusIdeSRC-SourceTREE\FNKs1\in0k_lazIdeSRC_srcTree_FNK_PATH_GET_abs.pas"/>
        <IsPartOfProject Value="True"/>
      </Unit35>
      <Unit36>
        <Filename Value="new\uTST_003_srcTree__PATH_get_ABS__asFND.pas"/>
        <IsPartOfProject Value="True"/>
      </Unit36>
      <Unit37>
        <Filename Value="new\uTST_003_srcTree__PATH_get_ABS__asNEW.pas"/>
        <IsPartOfProject Value="True"/>
      </Unit37>
      <Unit38>
        <Filename Value="..\srcExt\in0k-lazarusIdeSRC-SourceTREE\FNKs1\in0k_lazIdeSRC_srcTree_FNK_PATH_GET.pas"/>
        <IsPartOfProject Value="True"/>
      </Unit38>
    </Units>
  </ProjectOptions>
  <CompilerOptions>
    <Version Value="11"/>
    <PathDelim Value="\"/>
    <SearchPaths>
      <IncludeFiles Value="$(ProjOutDir);.."/>
      <OtherUnitFiles Value="..\srcPKG\srcTree\Items\CORE;..\srcPKG\srcTree\Items;..\srcExt\in0k-lazarusIdeSRC-SourceTREE\CORE;..\srcExt\in0k-lazarusIdeSRC-SourceTREE;..\srcExt\in0k-lazarusIdeSRC-SourceTREE\FNKs;new;old;..\srcExt\in0k-lazarusIdeSRC-SourceTREE\FNKs1"/>
      <UnitOutputDirectory Value="lib"/>
    </SearchPaths>
    <Parsing>
      <SyntaxOptions>
        <IncludeAssertionCode Value="True"/>
      </SyntaxOptions>
    </Parsing>
    <Linking>
      <Debugging>
        <UseHeaptrc Value="True"/>
      </Debugging>
      <Options>
        <Win32>
          <GraphicApplication Value="True"/>
        </Win32>
      </Options>
    </Linking>
  </CompilerOptions>
  <Debugging>
    <Exceptions Count="4">
      <Item1>
        <Name Value="EAbort"/>
      </Item1>
      <Item2>
        <Name Value="ECodetoolError"/>
      </Item2>
      <Item3>
        <Name Value="EFOpenError"/>
      </Item3>
      <Item4>
        <Name Value="EAssertionFailedError"/>
      </Item4>
    </Exceptions>
  </Debugging>
</CONFIG>
